
Microsoft Visual Studio Solution File, Format Version 12.00
# Visual Studio Version 17
VisualStudioVersion = 17.11.35312.102
MinimumVisualStudioVersion = 10.0.40219.1
Project("{FAE04EC0-301F-11D3-BF4B-00C04F79EFBC}") = "studentTeacherQuestionAnswer", "studentTeacherQuestionAnswer\studentTeacherQuestionAnswer.csproj", "{32CDA6FF-DD89-4B8E-BA1A-66A60695530E}"
EndProject
Global
	GlobalSection(SolutionConfigurationPlatforms) = preSolution
		Debug|Any CPU = Debug|Any CPU
		Release|Any CPU = Release|Any CPU
	EndGlobalSection
	GlobalSection(ProjectConfigurationPlatforms) = postSolution
		{32CDA6FF-DD89-4B8E-BA1A-66A60695530E}.Debug|Any CPU.ActiveCfg = Debug|Any CPU
		{32CDA6FF-DD89-4B8E-BA1A-66A60695530E}.Debug|Any CPU.Build.0 = Debug|Any CPU
		{32CDA6FF-DD89-4B8E-BA1A-66A60695530E}.Release|Any CPU.ActiveCfg = Release|Any CPU
		{32CDA6FF-DD89-4B8E-BA1A-66A60695530E}.Release|Any CPU.Build.0 = Release|Any CPU
	EndGlobalSection
	GlobalSection(SolutionProperties) = preSolution
		HideSolutionNode = FALSE
	EndGlobalSection
	GlobalSection(ExtensibilityGlobals) = postSolution
		SolutionGuid = {83BBF4E3-772A-4C01-876D-6A3AE792E572}
	EndGlobalSection
EndGlobal
